
Microsoft Visual Studio Solution File, Format Version 12.00
# Visual Studio 15
VisualStudioVersion = 15.0.27428.2015
MinimumVisualStudioVersion = 10.0.40219.1
Project("{FAE04EC0-301F-11D3-BF4B-00C04F79EFBC}") = "Pacman", "Pacman\Pacman.csproj", "{4BD905FC-A768-4BC2-BBB2-9EC22104F38B}"
EndProject
Global
	GlobalSection(SolutionConfigurationPlatforms) = preSolution
		Debug|Any CPU = Debug|Any CPU
		Release|Any CPU = Release|Any CPU
	EndGlobalSection
	GlobalSection(ProjectConfigurationPlatforms) = postSolution
		{4BD905FC-A768-4BC2-BBB2-9EC22104F38B}.Debug|Any CPU.ActiveCfg = Debug|Any CPU
		{4BD905FC-A768-4BC2-BBB2-9EC22104F38B}.Debug|Any CPU.Build.0 = Debug|Any CPU
		{4BD905FC-A768-4BC2-BBB2-9EC22104F38B}.Release|Any CPU.ActiveCfg = Release|Any CPU
		{4BD905FC-A768-4BC2-BBB2-9EC22104F38B}.Release|Any CPU.Build.0 = Release|Any CPU
	EndGlobalSection
	GlobalSection(SolutionProperties) = preSolution
		HideSolutionNode = FALSE
	EndGlobalSection
	GlobalSection(ExtensibilityGlobals) = postSolution
		SolutionGuid = {F65FEDC5-CECC-4C87-967A-37D81E267591}
	EndGlobalSection
EndGlobal
